
Microsoft Visual Studio Solution File, Format Version 12.00
# Visual Studio Version 17
VisualStudioVersion = 17.0.32126.317
MinimumVisualStudioVersion = 10.0.40219.1
Project("{FAE04EC0-301F-11D3-BF4B-00C04F79EFBC}") = "Projeto-PetShop2022", "Projeto-PetShop2022\Projeto-PetShop2022.csproj", "{BA7423B0-5FA7-4FFE-AEEC-CE9BDC3A9749}"
EndProject
Global
	GlobalSection(SolutionConfigurationPlatforms) = preSolution
		Debug|Any CPU = Debug|Any CPU
		Release|Any CPU = Release|Any CPU
	EndGlobalSection
	GlobalSection(ProjectConfigurationPlatforms) = postSolution
		{BA7423B0-5FA7-4FFE-AEEC-CE9BDC3A9749}.Debug|Any CPU.ActiveCfg = Debug|Any CPU
		{BA7423B0-5FA7-4FFE-AEEC-CE9BDC3A9749}.Debug|Any CPU.Build.0 = Debug|Any CPU
		{BA7423B0-5FA7-4FFE-AEEC-CE9BDC3A9749}.Release|Any CPU.ActiveCfg = Release|Any CPU
		{BA7423B0-5FA7-4FFE-AEEC-CE9BDC3A9749}.Release|Any CPU.Build.0 = Release|Any CPU
	EndGlobalSection
	GlobalSection(SolutionProperties) = preSolution
		HideSolutionNode = FALSE
	EndGlobalSection
	GlobalSection(ExtensibilityGlobals) = postSolution
		SolutionGuid = {9052D66D-E4C4-407B-8436-658F77CE3A3A}
	EndGlobalSection
EndGlobal
